
Microsoft Visual Studio Solution File, Format Version 12.00
# Visual Studio 15
VisualStudioVersion = 15.0.28307.757
MinimumVisualStudioVersion = 10.0.40219.1
Project("{FAE04EC0-301F-11D3-BF4B-00C04F79EFBC}") = "WinFormsApp_CustomNumericLabel", "WinFormsApp_CustomNumericLabel.csproj", "{FA00648E-4DA7-463B-AB25-A566B36B4078}"
EndProject
Global
	GlobalSection(SolutionConfigurationPlatforms) = preSolution
		Debug|Any CPU = Debug|Any CPU
		Release|Any CPU = Release|Any CPU
	EndGlobalSection
	GlobalSection(ProjectConfigurationPlatforms) = postSolution
		{FA00648E-4DA7-463B-AB25-A566B36B4078}.Debug|Any CPU.ActiveCfg = Debug|Any CPU
		{FA00648E-4DA7-463B-AB25-A566B36B4078}.Debug|Any CPU.Build.0 = Debug|Any CPU
		{FA00648E-4DA7-463B-AB25-A566B36B4078}.Release|Any CPU.ActiveCfg = Release|Any CPU
		{FA00648E-4DA7-463B-AB25-A566B36B4078}.Release|Any CPU.Build.0 = Release|Any CPU
		EndGlobalSection
	GlobalSection(SolutionProperties) = preSolution
		HideSolutionNode = FALSE
	EndGlobalSection
	GlobalSection(ExtensibilityGlobals) = postSolution
		SolutionGuid = {E4CB0AAE-E9CB-49B9-925B-C81001E32382}
	EndGlobalSection
EndGlobal
